<?xml version="1.0" encoding="utf-8"?>
<Project ToolsVersion="4.0" xmlns="http://schemas.microsoft.com/developer/msbuild/2003">
  <ItemGroup>
    <Filter Include="DirectXRendering">
      <UniqueIdentifier>{88c2d909-04ee-4f8e-b4ad-2e6a8d5f95ea}</UniqueIdentifier>
    </Filter>
    <Filter Include="Physics">
      <UniqueIdentifier>{0988f462-7ca9-4629-b9ba-c3e6f04d4d14}</UniqueIdentifier>
    </Filter>
    <Filter Include="Shaders">
      <UniqueIdentifier>{67DA6AB6-F800-4c08-8B7A-83BB121AAD01}</UniqueIdentifier>
      <Extensions>rc;ico;cur;bmp;dlg;rc2;rct;bin;rgs;gif;jpg;jpeg;jpe;resx;tiff;tif;png;wav;mfcribbon-ms</Extensions>
    </Filter>
    <Filter Include="DirectXRendering\Src">
      <UniqueIdentifier>{40a4e82a-b2ce-44d2-b86d-747accba2e24}</UniqueIdentifier>
    </Filter>
    <Filter Include="DirectXRendering\Header">
      <UniqueIdentifier>{fdde8e3c-9394-42e2-8215-e354a6d75739}</UniqueIdentifier>
    </Filter>
    <Filter Include="Common">
      <UniqueIdentifier>{8ce4fe8e-e351-45d0-a6bb-fd369276b3ee}</UniqueIdentifier>
    </Filter>
    <Filter Include="Common\Src">
      <UniqueIdentifier>{e284ce2e-1a21-457b-bb54-de0eaa6954fc}</UniqueIdentifier>
    </Filter>
    <Filter Include="Common\Header">
      <UniqueIdentifier>{bf496e5d-98ea-4059-a85b-f0cd68aac561}</UniqueIdentifier>
    </Filter>
    <Filter Include="Physics\Src">
      <UniqueIdentifier>{7c0c3895-1cad-408a-aecc-bfca65b7b557}</UniqueIdentifier>
    </Filter>
    <Filter Include="Physics\Header">
      <UniqueIdentifier>{737091aa-a083-4b92-a7d5-cf4187b79139}</UniqueIdentifier>
    </Filter>
    <Filter Include="Game">
      <UniqueIdentifier>{d951df93-55b5-412d-a962-d81c0163d5fb}</UniqueIdentifier>
    </Filter>
    <Filter Include="Game\Src">
      <UniqueIdentifier>{309e47d5-f29c-4296-bdeb-28e66ee74baa}</UniqueIdentifier>
    </Filter>
    <Filter Include="Game\Header">
      <UniqueIdentifier>{5048186c-89f6-4f98-953b-914898915eea}</UniqueIdentifier>
    </Filter>
    <Filter Include="DataDefine">
      <UniqueIdentifier>{5d34b492-5e3f-4396-91d8-40b204086cb9}</UniqueIdentifier>
    </Filter>
  </ItemGroup>
  <ItemGroup>
    <ClCompile Include="Physics\Src\Collider.cpp">
      <Filter>Physics\Src</Filter>
    </ClCompile>
    <ClCompile Include="Common\Src\D3DUtil.cpp">
      <Filter>Common\Src</Filter>
    </ClCompile>
    <ClCompile Include="Common\Src\DDSTextureLoader.cpp">
      <Filter>Common\Src</Filter>
    </ClCompile>
    <ClCompile Include="Common\Src\GameTimer.cpp">
      <Filter>Common\Src</Filter>
    </ClCompile>
    <ClCompile Include="Common\Src\GeometryGenerator.cpp">
      <Filter>Common\Src</Filter>
    </ClCompile>
    <ClCompile Include="DirectXRendering\Src\AnimationController.cpp">
      <Filter>DirectXRendering\Src</Filter>
    </ClCompile>
    <ClCompile Include="DirectXRendering\Src\Camera.cpp">
      <Filter>DirectXRendering\Src</Filter>
    </ClCompile>
    <ClCompile Include="DirectXRendering\Src\DirectXApp.cpp">
      <Filter>DirectXRendering\Src</Filter>
    </ClCompile>
    <ClCompile Include="DirectXRendering\Src\DWriteText.cpp">
      <Filter>DirectXRendering\Src</Filter>
    </ClCompile>
    <ClCompile Include="DirectXRendering\Src\Global.cpp">
      <Filter>DirectXRendering\Src</Filter>
    </ClCompile>
    <ClCompile Include="DirectXRendering\Src\ImgObject.cpp">
      <Filter>DirectXRendering\Src</Filter>
    </ClCompile>
    <ClCompile Include="DirectXRendering\Src\Material.cpp">
      <Filter>DirectXRendering\Src</Filter>
    </ClCompile>
    <ClCompile Include="DirectXRendering\Src\Mesh.cpp">
      <Filter>DirectXRendering\Src</Filter>
    </ClCompile>
    <ClCompile Include="DirectXRendering\Src\Object.cpp">
      <Filter>DirectXRendering\Src</Filter>
    </ClCompile>
    <ClCompile Include="DirectXRendering\Src\Shader.cpp">
      <Filter>DirectXRendering\Src</Filter>
    </ClCompile>
    <ClCompile Include="DirectXRendering\SenierProjectApp.cpp">
      <Filter>DirectXRendering\Src</Filter>
    </ClCompile>
    <ClCompile Include="main.cpp" />
    <ClCompile Include="Physics\Src\Physics.cpp">
      <Filter>Physics\Src</Filter>
    </ClCompile>
    <ClCompile Include="Physics\Src\CollisionDetact.cpp">
      <Filter>Physics\Src</Filter>
    </ClCompile>
    <ClCompile Include="Game\Src\Weapon.cpp">
      <Filter>Game\Src</Filter>
    </ClCompile>
    <ClCompile Include="Game\Src\Character.cpp">
      <Filter>Game\Src</Filter>
    </ClCompile>
    <ClCompile Include="Game\Src\Monster.cpp">
      <Filter>Game\Src</Filter>
    </ClCompile>
    <ClCompile Include="Physics\Src\CollisionResolver.cpp">
      <Filter>Physics\Src</Filter>
    </ClCompile>
    <ClCompile Include="Physics\Src\Contact.cpp">
      <Filter>Physics\Src</Filter>
    </ClCompile>
    <ClCompile Include="Physics\Src\RigidBody.cpp">
      <Filter>Physics\Src</Filter>
    </ClCompile>
    <ClCompile Include="Game\Src\ObjectDefaultData.cpp">
      <Filter>Game\Src</Filter>
    </ClCompile>
    <ClCompile Include="DirectXRendering\Src\DepthMap.cpp">
      <Filter>DirectXRendering\Src</Filter>
    </ClCompile>
    <ClCompile Include="DirectXRendering\Src\Scene.cpp">
      <Filter>DirectXRendering\Src</Filter>
    </ClCompile>
    <ClCompile Include="Game\Src\Item.cpp">
      <Filter>Game\Src</Filter>
    </ClCompile>
    <ClCompile Include="Game\Src\CuttedObject.cpp">
      <Filter>Game\Src</Filter>
    </ClCompile>
    <ClCompile Include="Game\Src\Player.cpp">
      <Filter>Game\Src</Filter>
    </ClCompile>
    <ClCompile Include="Game\Src\Projectile.cpp">
      <Filter>Game\Src</Filter>
    </ClCompile>
    <ClCompile Include="Game\Src\Cinematic.cpp">
      <Filter>Game\Src</Filter>
    </ClCompile>
    <ClCompile Include="Game\Src\Sound.cpp">
      <Filter>Game\Src</Filter>
    </ClCompile>
  </ItemGroup>
  <ItemGroup>
    <ClInclude Include="Physics\Header\Collider.h">
      <Filter>Physics\Header</Filter>
    </ClInclude>
    <ClInclude Include="Common\Header\D3DUtil.h">
      <Filter>Common\Header</Filter>
    </ClInclude>
    <ClInclude Include="Common\Header\d3dx12.h">
      <Filter>Common\Header</Filter>
    </ClInclude>
    <ClInclude Include="Common\Header\DDSTextureLoader.h">
      <Filter>Common\Header</Filter>
    </ClInclude>
    <ClInclude Include="Common\Header\GameTimer.h">
      <Filter>Common\Header</Filter>
    </ClInclude>
    <ClInclude Include="Common\Header\GeometryGenerator.h">
      <Filter>Common\Header</Filter>
    </ClInclude>
    <ClInclude Include="Common\Header\MathHelper.h">
      <Filter>Common\Header</Filter>
    </ClInclude>
    <ClInclude Include="Common\Header\UploadBuffer.h">
      <Filter>Common\Header</Filter>
    </ClInclude>
    <ClInclude Include="DirectXRendering\Header\AnimationController.h">
      <Filter>DirectXRendering\Header</Filter>
    </ClInclude>
    <ClInclude Include="DirectXRendering\Header\Camera.h">
      <Filter>DirectXRendering\Header</Filter>
    </ClInclude>
    <ClInclude Include="DirectXRendering\Header\DirectXApp.h">
      <Filter>DirectXRendering\Header</Filter>
    </ClInclude>
    <ClInclude Include="DirectXRendering\Header\DWriteText.h">
      <Filter>DirectXRendering\Header</Filter>
    </ClInclude>
    <ClInclude Include="DirectXRendering\Header\ImgObject.h">
      <Filter>DirectXRendering\Header</Filter>
    </ClInclude>
    <ClInclude Include="DirectXRendering\Header\Material.h">
      <Filter>DirectXRendering\Header</Filter>
    </ClInclude>
    <ClInclude Include="DirectXRendering\Header\Mesh.h">
      <Filter>DirectXRendering\Header</Filter>
    </ClInclude>
    <ClInclude Include="DirectXRendering\Header\Object.h">
      <Filter>DirectXRendering\Header</Filter>
    </ClInclude>
    <ClInclude Include="DirectXRendering\Header\Scene.h">
      <Filter>DirectXRendering\Header</Filter>
    </ClInclude>
    <ClInclude Include="DirectXRendering\Header\Shader.h">
      <Filter>DirectXRendering\Header</Filter>
    </ClInclude>
    <ClInclude Include="DirectXRendering\SenierProjectApp.h">
      <Filter>DirectXRendering\Header</Filter>
    </ClInclude>
    <ClInclude Include="Physics\Header\Physics.h">
      <Filter>Physics\Header</Filter>
    </ClInclude>
    <ClInclude Include="Common\Header\Struct.h">
      <Filter>Common\Header</Filter>
    </ClInclude>
    <ClInclude Include="Physics\Header\CollisionDetact.h">
      <Filter>Physics\Header</Filter>
    </ClInclude>
    <ClInclude Include="Game\Header\Weapon.h">
      <Filter>Game\Header</Filter>
    </ClInclude>
    <ClInclude Include="Game\Header\Character.h">
      <Filter>Game\Header</Filter>
    </ClInclude>
    <ClInclude Include="Game\Header\Player.h">
      <Filter>Game\Header</Filter>
    </ClInclude>
    <ClInclude Include="DirectXRendering\Header\Global.h">
      <Filter>DirectXRendering\Header</Filter>
    </ClInclude>
    <ClInclude Include="Game\Header\Monster.h">
      <Filter>Game\Header</Filter>
    </ClInclude>
    <ClInclude Include="Physics\Header\CollisionResolver.h">
      <Filter>Physics\Header</Filter>
    </ClInclude>
    <ClInclude Include="Physics\Header\Contact.h">
      <Filter>Physics\Header</Filter>
    </ClInclude>
    <ClInclude Include="Physics\Header\RigidBody.h">
      <Filter>Physics\Header</Filter>
    </ClInclude>
    <ClInclude Include="Game\Header\ObjectDefaultData.h">
      <Filter>Game\Header</Filter>
    </ClInclude>
    <ClInclude Include="DirectXRendering\Header\DepthMap.h">
      <Filter>DirectXRendering\Header</Filter>
    </ClInclude>
    <ClInclude Include="Game\Header\Item.h">
      <Filter>Game\Header</Filter>
    </ClInclude>
    <ClInclude Include="Game\Header\CuttedObject.h">
      <Filter>Game\Header</Filter>
    </ClInclude>
    <ClInclude Include="Game\Header\Projectile.h">
      <Filter>Game\Header</Filter>
    </ClInclude>
    <ClInclude Include="Game\Header\Cinematic.h">
      <Filter>Game\Header</Filter>
    </ClInclude>
    <ClInclude Include="Game\Header\Sound.h">
      <Filter>Game\Header</Filter>
    </ClInclude>
    <ClInclude Include="DataDefine\CharacterData.h">
      <Filter>DataDefine</Filter>
    </ClInclude>
    <ClInclude Include="DataDefine\ItemAndEventData.h">
      <Filter>DataDefine</Filter>
    </ClInclude>
    <ClInclude Include="DataDefine\ProjectileData.h">
      <Filter>DataDefine</Filter>
    </ClInclude>
    <ClInclude Include="DataDefine\OutsideObjectData.h">
      <Filter>DataDefine</Filter>
    </ClInclude>
    <ClInclude Include="DataDefine\EffectData.h">
      <Filter>DataDefine</Filter>
    </ClInclude>
    <ClInclude Include="DataDefine\InsideObjectData.h">
      <Filter>DataDefine</Filter>
    </ClInclude>
    <ClInclude Include="DataDefine\DungeonObjectData.h">
      <Filter>DataDefine</Filter>
    </ClInclude>
    <ClInclude Include="DataDefine\SoundFilePath.h">
      <Filter>DataDefine</Filter>
    </ClInclude>
  </ItemGroup>
  <ItemGroup>
    <FxCompile Include="Shader\default.hlsl">
      <Filter>Shaders</Filter>
    </FxCompile>
    <FxCompile Include="Shader\ImageObjShader.hlsl">
      <Filter>Shaders</Filter>
    </FxCompile>
    <FxCompile Include="Shader\SkinnedMesh.hlsl">
      <Filter>Shaders</Filter>
    </FxCompile>
    <FxCompile Include="Shader\WireFrameShader.hlsl">
      <Filter>Shaders</Filter>
    </FxCompile>
    <FxCompile Include="Shader\Shadow.hlsl">
      <Filter>Shaders</Filter>
    </FxCompile>
    <FxCompile Include="Shader\ShadowDebug.hlsl">
      <Filter>Shaders</Filter>
    </FxCompile>
    <FxCompile Include="Shader\Common.hlsl">
      <Filter>Shaders</Filter>
    </FxCompile>
    <FxCompile Include="Shader\CuttedSkinnedMesh.hlsl">
      <Filter>Shaders</Filter>
    </FxCompile>
    <FxCompile Include="Shader\CuttedStaticMesh.hlsl">
      <Filter>Shaders</Filter>
    </FxCompile>
    <FxCompile Include="Shader\LightingUtil.hlsl">
      <Filter>Shaders</Filter>
    </FxCompile>
    <FxCompile Include="Shader\Shadow_Cutted.hlsl">
      <Filter>Shaders</Filter>
    </FxCompile>
  </ItemGroup>
</Project>